
Microsoft Visual Studio Solution File, Format Version 12.00
# Visual Studio Version 17
VisualStudioVersion = 17.10.34804.81
MinimumVisualStudioVersion = 10.0.40219.1
Project("{9A19103F-16F7-4668-BE54-9A1E7A4F7556}") = "RSAllies", "RSAllies\RSAllies.csproj", "{F3639295-68A9-49A9-BED7-EC0E1E27ABCB}"
EndProject
Project("{9A19103F-16F7-4668-BE54-9A1E7A4F7556}") = "RSAllies.Data", "RSAllies.Data\RSAllies.Data.csproj", "{47A0B3FD-7B6D-4E9B-8567-E3C533D3370F}"
EndProject
Project("{9A19103F-16F7-4668-BE54-9A1E7A4F7556}") = "RSAllies.PDFService", "RSAllies.PDFService\RSAllies.PDFService.csproj", "{36B6002E-8C0F-4099-9131-EDAF6D591C37}"
EndProject
Project("{9A19103F-16F7-4668-BE54-9A1E7A4F7556}") = "RSAllies.MarkingService", "RSAllies.MarkingService\RSAllies.MarkingService.csproj", "{4A3C9AE0-AAE5-42AE-BDD3-9084ED39D6CE}"
EndProject
Global
	GlobalSection(SolutionConfigurationPlatforms) = preSolution
		Debug|Any CPU = Debug|Any CPU
		Release|Any CPU = Release|Any CPU
	EndGlobalSection
	GlobalSection(ProjectConfigurationPlatforms) = postSolution
		{F3639295-68A9-49A9-BED7-EC0E1E27ABCB}.Debug|Any CPU.ActiveCfg = Debug|Any CPU
		{F3639295-68A9-49A9-BED7-EC0E1E27ABCB}.Debug|Any CPU.Build.0 = Debug|Any CPU
		{F3639295-68A9-49A9-BED7-EC0E1E27ABCB}.Release|Any CPU.ActiveCfg = Release|Any CPU
		{F3639295-68A9-49A9-BED7-EC0E1E27ABCB}.Release|Any CPU.Build.0 = Release|Any CPU
		{47A0B3FD-7B6D-4E9B-8567-E3C533D3370F}.Debug|Any CPU.ActiveCfg = Debug|Any CPU
		{47A0B3FD-7B6D-4E9B-8567-E3C533D3370F}.Debug|Any CPU.Build.0 = Debug|Any CPU
		{47A0B3FD-7B6D-4E9B-8567-E3C533D3370F}.Release|Any CPU.ActiveCfg = Release|Any CPU
		{47A0B3FD-7B6D-4E9B-8567-E3C533D3370F}.Release|Any CPU.Build.0 = Release|Any CPU
		{36B6002E-8C0F-4099-9131-EDAF6D591C37}.Debug|Any CPU.ActiveCfg = Debug|Any CPU
		{36B6002E-8C0F-4099-9131-EDAF6D591C37}.Debug|Any CPU.Build.0 = Debug|Any CPU
		{36B6002E-8C0F-4099-9131-EDAF6D591C37}.Release|Any CPU.ActiveCfg = Release|Any CPU
		{36B6002E-8C0F-4099-9131-EDAF6D591C37}.Release|Any CPU.Build.0 = Release|Any CPU
		{4A3C9AE0-AAE5-42AE-BDD3-9084ED39D6CE}.Debug|Any CPU.ActiveCfg = Debug|Any CPU
		{4A3C9AE0-AAE5-42AE-BDD3-9084ED39D6CE}.Debug|Any CPU.Build.0 = Debug|Any CPU
		{4A3C9AE0-AAE5-42AE-BDD3-9084ED39D6CE}.Release|Any CPU.ActiveCfg = Release|Any CPU
		{4A3C9AE0-AAE5-42AE-BDD3-9084ED39D6CE}.Release|Any CPU.Build.0 = Release|Any CPU
	EndGlobalSection
	GlobalSection(SolutionProperties) = preSolution
		HideSolutionNode = FALSE
	EndGlobalSection
	GlobalSection(ExtensibilityGlobals) = postSolution
		SolutionGuid = {09108DC8-CACD-4E30-9847-B7A235BF14F6}
	EndGlobalSection
EndGlobal
