
Microsoft Visual Studio Solution File, Format Version 12.00
# Visual Studio Version 17
VisualStudioVersion = 17.10.34804.81
MinimumVisualStudioVersion = 10.0.40219.1
Project("{FAE04EC0-301F-11D3-BF4B-00C04F79EFBC}") = "RSAllies", "RSAllies\RSAllies.csproj", "{F3639295-68A9-49A9-BED7-EC0E1E27ABCB}"
EndProject
Global
	GlobalSection(SolutionConfigurationPlatforms) = preSolution
		Debug|Any CPU = Debug|Any CPU
		Release|Any CPU = Release|Any CPU
	EndGlobalSection
	GlobalSection(ProjectConfigurationPlatforms) = postSolution
		{F3639295-68A9-49A9-BED7-EC0E1E27ABCB}.Debug|Any CPU.ActiveCfg = Debug|Any CPU
		{F3639295-68A9-49A9-BED7-EC0E1E27ABCB}.Debug|Any CPU.Build.0 = Debug|Any CPU
		{F3639295-68A9-49A9-BED7-EC0E1E27ABCB}.Release|Any CPU.ActiveCfg = Release|Any CPU
		{F3639295-68A9-49A9-BED7-EC0E1E27ABCB}.Release|Any CPU.Build.0 = Release|Any CPU
	EndGlobalSection
	GlobalSection(SolutionProperties) = preSolution
		HideSolutionNode = FALSE
	EndGlobalSection
	GlobalSection(ExtensibilityGlobals) = postSolution
		SolutionGuid = {09108DC8-CACD-4E30-9847-B7A235BF14F6}
	EndGlobalSection
EndGlobal
